// !$*UTF8*$!
{
	archiveVersion = 1;
	classes = {
	};
	objectVersion = 55;
	objects = {

/* Begin PBXBuildFile section */
		1E158965281ECEAB008B79C2 /* AccountPr.cpp in Sources */ = {isa = PBXBuildFile; fileRef = 1E15895F281EC7AC008B79C2 /* AccountPr.cpp */; };
		1E158966281ECEAD008B79C2 /* Source.cpp in Sources */ = {isa = PBXBuildFile; fileRef = 1E158954281EA3B3008B79C2 /* Source.cpp */; };
		1E158967281ECEAF008B79C2 /* Account.cpp in Sources */ = {isa = PBXBuildFile; fileRef = 1E15895C281EAA02008B79C2 /* Account.cpp */; };
		1E158968281ECEB2008B79C2 /* Money.cpp in Sources */ = {isa = PBXBuildFile; fileRef = 1E158951281EA3A5008B79C2 /* Money.cpp */; };
/* End PBXBuildFile section */

/* Begin PBXCopyFilesBuildPhase section */
		1E158942281EA379008B79C2 /* CopyFiles */ = {
			isa = PBXCopyFilesBuildPhase;
			buildActionMask = 2147483647;
			dstPath = /usr/share/man/man1/;
			dstSubfolderSpec = 0;
			files = (
			);
			runOnlyForDeploymentPostprocessing = 1;
		};
/* End PBXCopyFilesBuildPhase section */

/* Begin PBXFileReference section */
		1E158944281EA379008B79C2 /* lab3_3foop */ = {isa = PBXFileReference; explicitFileType = "compiled.mach-o.executable"; includeInIndex = 0; path = lab3_3foop; sourceTree = BUILT_PRODUCTS_DIR; };
		1E158951281EA3A5008B79C2 /* Money.cpp */ = {isa = PBXFileReference; lastKnownFileType = sourcecode.cpp.cpp; path = Money.cpp; sourceTree = "<group>"; };
		1E158952281EA3A5008B79C2 /* Money.hpp */ = {isa = PBXFileReference; lastKnownFileType = sourcecode.cpp.h; path = Money.hpp; sourceTree = "<group>"; };
		1E158954281EA3B3008B79C2 /* Source.cpp */ = {isa = PBXFileReference; lastKnownFileType = sourcecode.cpp.cpp; path = Source.cpp; sourceTree = "<group>"; };
		1E15895C281EAA02008B79C2 /* Account.cpp */ = {isa = PBXFileReference; lastKnownFileType = sourcecode.cpp.cpp; path = Account.cpp; sourceTree = "<group>"; };
		1E15895D281EAA02008B79C2 /* Account.hpp */ = {isa = PBXFileReference; lastKnownFileType = sourcecode.cpp.h; path = Account.hpp; sourceTree = "<group>"; };
		1E15895F281EC7AC008B79C2 /* AccountPr.cpp */ = {isa = PBXFileReference; lastKnownFileType = sourcecode.cpp.cpp; path = AccountPr.cpp; sourceTree = "<group>"; };
		1E158960281EC7AC008B79C2 /* AccountPr.hpp */ = {isa = PBXFileReference; lastKnownFileType = sourcecode.cpp.h; path = AccountPr.hpp; sourceTree = "<group>"; };
		1E158962281ECDC5008B79C2 /* catch.cpp */ = {isa = PBXFileReference; lastKnownFileType = sourcecode.cpp.cpp; path = catch.cpp; sourceTree = "<group>"; };
		1E158963281ECDC5008B79C2 /* catch.hpp */ = {isa = PBXFileReference; lastKnownFileType = sourcecode.cpp.h; path = catch.hpp; sourceTree = "<group>"; };
/* End PBXFileReference section */

/* Begin PBXFrameworksBuildPhase section */
		1E158941281EA379008B79C2 /* Frameworks */ = {
			isa = PBXFrameworksBuildPhase;
			buildActionMask = 2147483647;
			files = (
			);
			runOnlyForDeploymentPostprocessing = 0;
		};
/* End PBXFrameworksBuildPhase section */

/* Begin PBXGroup section */
		1E15893B281EA379008B79C2 = {
			isa = PBXGroup;
			children = (
				1E158946281EA379008B79C2 /* lab3_3foop */,
				1E158945281EA379008B79C2 /* Products */,
			);
			sourceTree = "<group>";
		};
		1E158945281EA379008B79C2 /* Products */ = {
			isa = PBXGroup;
			children = (
				1E158944281EA379008B79C2 /* lab3_3foop */,
			);
			name = Products;
			sourceTree = "<group>";
		};
		1E158946281EA379008B79C2 /* lab3_3foop */ = {
			isa = PBXGroup;
			children = (
				1E158951281EA3A5008B79C2 /* Money.cpp */,
				1E158952281EA3A5008B79C2 /* Money.hpp */,
				1E15895C281EAA02008B79C2 /* Account.cpp */,
				1E15895D281EAA02008B79C2 /* Account.hpp */,
				1E158954281EA3B3008B79C2 /* Source.cpp */,
				1E15895F281EC7AC008B79C2 /* AccountPr.cpp */,
				1E158960281EC7AC008B79C2 /* AccountPr.hpp */,
				1E158962281ECDC5008B79C2 /* catch.cpp */,
				1E158963281ECDC5008B79C2 /* catch.hpp */,
			);
			path = lab3_3foop;
			sourceTree = "<group>";
		};
/* End PBXGroup section */

/* Begin PBXNativeTarget section */
		1E158943281EA379008B79C2 /* lab3_3foop */ = {
			isa = PBXNativeTarget;
			buildConfigurationList = 1E15894B281EA379008B79C2 /* Build configuration list for PBXNativeTarget "lab3_3foop" */;
			buildPhases = (
				1E158940281EA379008B79C2 /* Sources */,
				1E158941281EA379008B79C2 /* Frameworks */,
				1E158942281EA379008B79C2 /* CopyFiles */,
			);
			buildRules = (
			);
			dependencies = (
			);
			name = lab3_3foop;
			productName = lab3_3foop;
			productReference = 1E158944281EA379008B79C2 /* lab3_3foop */;
			productType = "com.apple.product-type.tool";
		};
/* End PBXNativeTarget section */

/* Begin PBXProject section */
		1E15893C281EA379008B79C2 /* Project object */ = {
			isa = PBXProject;
			attributes = {
				BuildIndependentTargetsInParallel = 1;
				LastUpgradeCheck = 1320;
				TargetAttributes = {
					1E158943281EA379008B79C2 = {
						CreatedOnToolsVersion = 13.2.1;
					};
				};
			};
			buildConfigurationList = 1E15893F281EA379008B79C2 /* Build configuration list for PBXProject "lab3_3foop" */;
			compatibilityVersion = "Xcode 13.0";
			developmentRegion = en;
			hasScannedForEncodings = 0;
			knownRegions = (
				en,
				Base,
			);
			mainGroup = 1E15893B281EA379008B79C2;
			productRefGroup = 1E158945281EA379008B79C2 /* Products */;
			projectDirPath = "";
			projectRoot = "";
			targets = (
				1E158943281EA379008B79C2 /* lab3_3foop */,
			);
		};
/* End PBXProject section */

/* Begin PBXSourcesBuildPhase section */
		1E158940281EA379008B79C2 /* Sources */ = {
			isa = PBXSourcesBuildPhase;
			buildActionMask = 2147483647;
			files = (
				1E158966281ECEAD008B79C2 /* Source.cpp in Sources */,
				1E158967281ECEAF008B79C2 /* Account.cpp in Sources */,
				1E158968281ECEB2008B79C2 /* Money.cpp in Sources */,
				1E158965281ECEAB008B79C2 /* AccountPr.cpp in Sources */,
			);
			runOnlyForDeploymentPostprocessing = 0;
		};
/* End PBXSourcesBuildPhase section */

/* Begin XCBuildConfiguration section */
		1E158949281EA379008B79C2 /* Debug */ = {
			isa = XCBuildConfiguration;
			buildSettings = {
				ALWAYS_SEARCH_USER_PATHS = NO;
				CLANG_ANALYZER_NONNULL = YES;
				CLANG_ANALYZER_NUMBER_OBJECT_CONVERSION = YES_AGGRESSIVE;
				CLANG_CXX_LANGUAGE_STANDARD = "gnu++17";
				CLANG_CXX_LIBRARY = "libc++";
				CLANG_ENABLE_MODULES = YES;
				CLANG_ENABLE_OBJC_ARC = YES;
				CLANG_ENABLE_OBJC_WEAK = YES;
				CLANG_WARN_BLOCK_CAPTURE_AUTORELEASING = YES;
				CLANG_WARN_BOOL_CONVERSION = YES;
				CLANG_WARN_COMMA = YES;
				CLANG_WARN_CONSTANT_CONVERSION = YES;
				CLANG_WARN_DEPRECATED_OBJC_IMPLEMENTATIONS = YES;
				CLANG_WARN_DIRECT_OBJC_ISA_USAGE = YES_ERROR;
				CLANG_WARN_DOCUMENTATION_COMMENTS = YES;
				CLANG_WARN_EMPTY_BODY = YES;
				CLANG_WARN_ENUM_CONVERSION = YES;
				CLANG_WARN_INFINITE_RECURSION = YES;
				CLANG_WARN_INT_CONVERSION = YES;
				CLANG_WARN_NON_LITERAL_NULL_CONVERSION = YES;
				CLANG_WARN_OBJC_IMPLICIT_RETAIN_SELF = YES;
				CLANG_WARN_OBJC_LITERAL_CONVERSION = YES;
				CLANG_WARN_OBJC_ROOT_CLASS = YES_ERROR;
				CLANG_WARN_QUOTED_INCLUDE_IN_FRAMEWORK_HEADER = YES;
				CLANG_WARN_RANGE_LOOP_ANALYSIS = YES;
				CLANG_WARN_STRICT_PROTOTYPES = YES;
				CLANG_WARN_SUSPICIOUS_MOVE = YES;
				CLANG_WARN_UNGUARDED_AVAILABILITY = YES_AGGRESSIVE;
				CLANG_WARN_UNREACHABLE_CODE = YES;
				CLANG_WARN__DUPLICATE_METHOD_MATCH = YES;
				COPY_PHASE_STRIP = NO;
				DEBUG_INFORMATION_FORMAT = dwarf;
				ENABLE_STRICT_OBJC_MSGSEND = YES;
				ENABLE_TESTABILITY = YES;
				GCC_C_LANGUAGE_STANDARD = gnu11;
				GCC_DYNAMIC_NO_PIC = NO;
				GCC_NO_COMMON_BLOCKS = YES;
				GCC_OPTIMIZATION_LEVEL = 0;
				GCC_PREPROCESSOR_DEFINITIONS = (
					"DEBUG=1",
					"$(inherited)",
				);
				GCC_WARN_64_TO_32_BIT_CONVERSION = YES;
				GCC_WARN_ABOUT_RETURN_TYPE = YES_ERROR;
				GCC_WARN_UNDECLARED_SELECTOR = YES;
				GCC_WARN_UNINITIALIZED_AUTOS = YES_AGGRESSIVE;
				GCC_WARN_UNUSED_FUNCTION = YES;
				GCC_WARN_UNUSED_VARIABLE = YES;
				MACOSX_DEPLOYMENT_TARGET = 11.4;
				MTL_ENABLE_DEBUG_INFO = INCLUDE_SOURCE;
				MTL_FAST_MATH = YES;
				ONLY_ACTIVE_ARCH = YES;
				SDKROOT = macosx;
			};
			name = Debug;
		};
		1E15894A281EA379008B79C2 /* Release */ = {
			isa = XCBuildConfiguration;
			buildSettings = {
				ALWAYS_SEARCH_USER_PATHS = NO;
				CLANG_ANALYZER_NONNULL = YES;
				CLANG_ANALYZER_NUMBER_OBJECT_CONVERSION = YES_AGGRESSIVE;
				CLANG_CXX_LANGUAGE_STANDARD = "gnu++17";
				CLANG_CXX_LIBRARY = "libc++";
				CLANG_ENABLE_MODULES = YES;
				CLANG_ENABLE_OBJC_ARC = YES;
				CLANG_ENABLE_OBJC_WEAK = YES;
				CLANG_WARN_BLOCK_CAPTURE_AUTORELEASING = YES;
				CLANG_WARN_BOOL_CONVERSION = YES;
				CLANG_WARN_COMMA = YES;
				CLANG_WARN_CONSTANT_CONVERSION = YES;
				CLANG_WARN_DEPRECATED_OBJC_IMPLEMENTATIONS = YES;
				CLANG_WARN_DIRECT_OBJC_ISA_USAGE = YES_ERROR;
				CLANG_WARN_DOCUMENTATION_COMMENTS = YES;
				CLANG_WARN_EMPTY_BODY = YES;
				CLANG_WARN_ENUM_CONVERSION = YES;
				CLANG_WARN_INFINITE_RECURSION = YES;
				CLANG_WARN_INT_CONVERSION = YES;
				CLANG_WARN_NON_LITERAL_NULL_CONVERSION = YES;
				CLANG_WARN_OBJC_IMPLICIT_RETAIN_SELF = YES;
				CLANG_WARN_OBJC_LITERAL_CONVERSION = YES;
				CLANG_WARN_OBJC_ROOT_CLASS = YES_ERROR;
				CLANG_WARN_QUOTED_INCLUDE_IN_FRAMEWORK_HEADER = YES;
				CLANG_WARN_RANGE_LOOP_ANALYSIS = YES;
				CLANG_WARN_STRICT_PROTOTYPES = YES;
				CLANG_WARN_SUSPICIOUS_MOVE = YES;
				CLANG_WARN_UNGUARDED_AVAILABILITY = YES_AGGRESSIVE;
				CLANG_WARN_UNREACHABLE_CODE = YES;
				CLANG_WARN__DUPLICATE_METHOD_MATCH = YES;
				COPY_PHASE_STRIP = NO;
				DEBUG_INFORMATION_FORMAT = "dwarf-with-dsym";
				ENABLE_NS_ASSERTIONS = NO;
				ENABLE_STRICT_OBJC_MSGSEND = YES;
				GCC_C_LANGUAGE_STANDARD = gnu11;
				GCC_NO_COMMON_BLOCKS = YES;
				GCC_WARN_64_TO_32_BIT_CONVERSION = YES;
				GCC_WARN_ABOUT_RETURN_TYPE = YES_ERROR;
				GCC_WARN_UNDECLARED_SELECTOR = YES;
				GCC_WARN_UNINITIALIZED_AUTOS = YES_AGGRESSIVE;
				GCC_WARN_UNUSED_FUNCTION = YES;
				GCC_WARN_UNUSED_VARIABLE = YES;
				MACOSX_DEPLOYMENT_TARGET = 11.4;
				MTL_ENABLE_DEBUG_INFO = NO;
				MTL_FAST_MATH = YES;
				SDKROOT = macosx;
			};
			name = Release;
		};
		1E15894C281EA379008B79C2 /* Debug */ = {
			isa = XCBuildConfiguration;
			buildSettings = {
				CODE_SIGN_STYLE = Automatic;
				PRODUCT_NAME = "$(TARGET_NAME)";
			};
			name = Debug;
		};
		1E15894D281EA379008B79C2 /* Release */ = {
			isa = XCBuildConfiguration;
			buildSettings = {
				CODE_SIGN_STYLE = Automatic;
				PRODUCT_NAME = "$(TARGET_NAME)";
			};
			name = Release;
		};
/* End XCBuildConfiguration section */

/* Begin XCConfigurationList section */
		1E15893F281EA379008B79C2 /* Build configuration list for PBXProject "lab3_3foop" */ = {
			isa = XCConfigurationList;
			buildConfigurations = (
				1E158949281EA379008B79C2 /* Debug */,
				1E15894A281EA379008B79C2 /* Release */,
			);
			defaultConfigurationIsVisible = 0;
			defaultConfigurationName = Release;
		};
		1E15894B281EA379008B79C2 /* Build configuration list for PBXNativeTarget "lab3_3foop" */ = {
			isa = XCConfigurationList;
			buildConfigurations = (
				1E15894C281EA379008B79C2 /* Debug */,
				1E15894D281EA379008B79C2 /* Release */,
			);
			defaultConfigurationIsVisible = 0;
			defaultConfigurationName = Release;
		};
/* End XCConfigurationList section */
	};
	rootObject = 1E15893C281EA379008B79C2 /* Project object */;
}
